
Microsoft Visual Studio Solution File, Format Version 12.00
# Visual Studio Version 17
VisualStudioVersion = 17.11.35303.130
MinimumVisualStudioVersion = 10.0.40219.1
Project("{FAE04EC0-301F-11D3-BF4B-00C04F79EFBC}") = "ConsoleApp1", "ConsoleApp1\ConsoleApp1.csproj", "{2F2B5563-77B1-4841-A916-6D00AB912A3C}"
EndProject
Global
	GlobalSection(SolutionConfigurationPlatforms) = preSolution
		Debug|Any CPU = Debug|Any CPU
		Release|Any CPU = Release|Any CPU
	EndGlobalSection
	GlobalSection(ProjectConfigurationPlatforms) = postSolution
		{2F2B5563-77B1-4841-A916-6D00AB912A3C}.Debug|Any CPU.ActiveCfg = Debug|Any CPU
		{2F2B5563-77B1-4841-A916-6D00AB912A3C}.Debug|Any CPU.Build.0 = Debug|Any CPU
		{2F2B5563-77B1-4841-A916-6D00AB912A3C}.Release|Any CPU.ActiveCfg = Release|Any CPU
		{2F2B5563-77B1-4841-A916-6D00AB912A3C}.Release|Any CPU.Build.0 = Release|Any CPU
	EndGlobalSection
	GlobalSection(SolutionProperties) = preSolution
		HideSolutionNode = FALSE
	EndGlobalSection
	GlobalSection(ExtensibilityGlobals) = postSolution
		SolutionGuid = {ADEC2F85-38A3-4ACC-B4C7-C9A7E0C705A0}
	EndGlobalSection
EndGlobal
